
Microsoft Visual Studio Solution File, Format Version 12.00
# Visual Studio Version 17
VisualStudioVersion = 17.10.35004.147
MinimumVisualStudioVersion = 10.0.40219.1
Project("{FAE04EC0-301F-11D3-BF4B-00C04F79EFBC}") = "Gig.Platform.Api", "Gig Platform\Gig.Platform.Api.csproj", "{1721A44B-A679-4FCA-867E-08FAB59A98FE}"
EndProject
Project("{FAE04EC0-301F-11D3-BF4B-00C04F79EFBC}") = "Gig.Platform.Core", "Gig.Platform.Core\Gig.Platform.Core.csproj", "{0B4E2C8A-43ED-4D85-B99B-CB8BEAC439F7}"
EndProject
Project("{FAE04EC0-301F-11D3-BF4B-00C04F79EFBC}") = "Gig.Platform.Infrastructure", "Gig.Platform.Infrastructure\Gig.Platform.Infrastructure.csproj", "{C6419C3A-8407-482F-95F0-26E36E4B7CCA}"
EndProject
Project("{FAE04EC0-301F-11D3-BF4B-00C04F79EFBC}") = "Gig.Platform.Web", "Gig.Platform.Web\Gig.Platform.Web.csproj", "{A4E4972E-3141-4BC7-A307-E12D7C08C020}"
EndProject
Project("{FAE04EC0-301F-11D3-BF4B-00C04F79EFBC}") = "Gig.Platform.Shared", "Gig.Platform.Shared\Gig.Platform.Shared.csproj", "{411B7324-EB85-465C-840D-1AA164ED279E}"
EndProject
Global
	GlobalSection(SolutionConfigurationPlatforms) = preSolution
		Debug|Any CPU = Debug|Any CPU
		Release|Any CPU = Release|Any CPU
	EndGlobalSection
	GlobalSection(ProjectConfigurationPlatforms) = postSolution
		{1721A44B-A679-4FCA-867E-08FAB59A98FE}.Debug|Any CPU.ActiveCfg = Debug|Any CPU
		{1721A44B-A679-4FCA-867E-08FAB59A98FE}.Debug|Any CPU.Build.0 = Debug|Any CPU
		{1721A44B-A679-4FCA-867E-08FAB59A98FE}.Release|Any CPU.ActiveCfg = Release|Any CPU
		{1721A44B-A679-4FCA-867E-08FAB59A98FE}.Release|Any CPU.Build.0 = Release|Any CPU
		{0B4E2C8A-43ED-4D85-B99B-CB8BEAC439F7}.Debug|Any CPU.ActiveCfg = Debug|Any CPU
		{0B4E2C8A-43ED-4D85-B99B-CB8BEAC439F7}.Debug|Any CPU.Build.0 = Debug|Any CPU
		{0B4E2C8A-43ED-4D85-B99B-CB8BEAC439F7}.Release|Any CPU.ActiveCfg = Release|Any CPU
		{0B4E2C8A-43ED-4D85-B99B-CB8BEAC439F7}.Release|Any CPU.Build.0 = Release|Any CPU
		{C6419C3A-8407-482F-95F0-26E36E4B7CCA}.Debug|Any CPU.ActiveCfg = Debug|Any CPU
		{C6419C3A-8407-482F-95F0-26E36E4B7CCA}.Debug|Any CPU.Build.0 = Debug|Any CPU
		{C6419C3A-8407-482F-95F0-26E36E4B7CCA}.Release|Any CPU.ActiveCfg = Release|Any CPU
		{C6419C3A-8407-482F-95F0-26E36E4B7CCA}.Release|Any CPU.Build.0 = Release|Any CPU
		{A4E4972E-3141-4BC7-A307-E12D7C08C020}.Debug|Any CPU.ActiveCfg = Debug|Any CPU
		{A4E4972E-3141-4BC7-A307-E12D7C08C020}.Debug|Any CPU.Build.0 = Debug|Any CPU
		{A4E4972E-3141-4BC7-A307-E12D7C08C020}.Release|Any CPU.ActiveCfg = Release|Any CPU
		{A4E4972E-3141-4BC7-A307-E12D7C08C020}.Release|Any CPU.Build.0 = Release|Any CPU
		{411B7324-EB85-465C-840D-1AA164ED279E}.Debug|Any CPU.ActiveCfg = Debug|Any CPU
		{411B7324-EB85-465C-840D-1AA164ED279E}.Debug|Any CPU.Build.0 = Debug|Any CPU
		{411B7324-EB85-465C-840D-1AA164ED279E}.Release|Any CPU.ActiveCfg = Release|Any CPU
		{411B7324-EB85-465C-840D-1AA164ED279E}.Release|Any CPU.Build.0 = Release|Any CPU
	EndGlobalSection
	GlobalSection(SolutionProperties) = preSolution
		HideSolutionNode = FALSE
	EndGlobalSection
	GlobalSection(ExtensibilityGlobals) = postSolution
		SolutionGuid = {3BD1B682-705D-45A6-B049-4B8D848ED289}
	EndGlobalSection
EndGlobal
